// !$*UTF8*$!
{
	archiveVersion = 1;
	classes = {
	};
	objectVersion = 56;
	objects = {

/* Begin PBXBuildFile section */
		6837F67D290BAF800002769A /* CameraViewController.swift in Sources */ = {isa = PBXBuildFile; fileRef = 6837F67C290BAF800002769A /* CameraViewController.swift */; };
		6837F67F290BB0220002769A /* StoryViewController.swift in Sources */ = {isa = PBXBuildFile; fileRef = 6837F67E290BB0220002769A /* StoryViewController.swift */; };
		686E1A772904A7F3001D1E3D /* AppDelegate.swift in Sources */ = {isa = PBXBuildFile; fileRef = 686E1A762904A7F3001D1E3D /* AppDelegate.swift */; };
		686E1A792904A7F4001D1E3D /* SceneDelegate.swift in Sources */ = {isa = PBXBuildFile; fileRef = 686E1A782904A7F4001D1E3D /* SceneDelegate.swift */; };
		686E1A7E2904A7F4001D1E3D /* Main.storyboard in Resources */ = {isa = PBXBuildFile; fileRef = 686E1A7C2904A7F4001D1E3D /* Main.storyboard */; };
		686E1A802904A7F5001D1E3D /* Assets.xcassets in Resources */ = {isa = PBXBuildFile; fileRef = 686E1A7F2904A7F5001D1E3D /* Assets.xcassets */; };
		686E1A832904A7F5001D1E3D /* LaunchScreen.storyboard in Resources */ = {isa = PBXBuildFile; fileRef = 686E1A812904A7F5001D1E3D /* LaunchScreen.storyboard */; };
		68CA71CE2906437E00D9327E /* LoginViewController.swift in Sources */ = {isa = PBXBuildFile; fileRef = 68CA71CD2906437E00D9327E /* LoginViewController.swift */; };
		EE8B2C5ED931E87053567CE8 /* Pods_Imagur.framework in Frameworks */ = {isa = PBXBuildFile; fileRef = 74BA30D9AE06F11E468E4B4E /* Pods_Imagur.framework */; };
/* End PBXBuildFile section */

/* Begin PBXFileReference section */
		1DC96BEBCEC69D542BED3A3A /* Pods-Imagur.release.xcconfig */ = {isa = PBXFileReference; includeInIndex = 1; lastKnownFileType = text.xcconfig; name = "Pods-Imagur.release.xcconfig"; path = "Target Support Files/Pods-Imagur/Pods-Imagur.release.xcconfig"; sourceTree = "<group>"; };
		6837F67C290BAF800002769A /* CameraViewController.swift */ = {isa = PBXFileReference; lastKnownFileType = sourcecode.swift; path = CameraViewController.swift; sourceTree = "<group>"; };
		6837F67E290BB0220002769A /* StoryViewController.swift */ = {isa = PBXFileReference; lastKnownFileType = sourcecode.swift; path = StoryViewController.swift; sourceTree = "<group>"; };
		686E1A732904A7F3001D1E3D /* Imagur.app */ = {isa = PBXFileReference; explicitFileType = wrapper.application; includeInIndex = 0; path = Imagur.app; sourceTree = BUILT_PRODUCTS_DIR; };
		686E1A762904A7F3001D1E3D /* AppDelegate.swift */ = {isa = PBXFileReference; lastKnownFileType = sourcecode.swift; path = AppDelegate.swift; sourceTree = "<group>"; };
		686E1A782904A7F4001D1E3D /* SceneDelegate.swift */ = {isa = PBXFileReference; lastKnownFileType = sourcecode.swift; path = SceneDelegate.swift; sourceTree = "<group>"; };
		686E1A7D2904A7F4001D1E3D /* Base */ = {isa = PBXFileReference; lastKnownFileType = file.storyboard; name = Base; path = Base.lproj/Main.storyboard; sourceTree = "<group>"; };
		686E1A7F2904A7F5001D1E3D /* Assets.xcassets */ = {isa = PBXFileReference; lastKnownFileType = folder.assetcatalog; path = Assets.xcassets; sourceTree = "<group>"; };
		686E1A822904A7F5001D1E3D /* Base */ = {isa = PBXFileReference; lastKnownFileType = file.storyboard; name = Base; path = Base.lproj/LaunchScreen.storyboard; sourceTree = "<group>"; };
		686E1A842904A7F5001D1E3D /* Info.plist */ = {isa = PBXFileReference; lastKnownFileType = text.plist.xml; path = Info.plist; sourceTree = "<group>"; };
		68CA71CD2906437E00D9327E /* LoginViewController.swift */ = {isa = PBXFileReference; lastKnownFileType = sourcecode.swift; path = LoginViewController.swift; sourceTree = "<group>"; };
		74BA30D9AE06F11E468E4B4E /* Pods_Imagur.framework */ = {isa = PBXFileReference; explicitFileType = wrapper.framework; includeInIndex = 0; path = Pods_Imagur.framework; sourceTree = BUILT_PRODUCTS_DIR; };
		E9B1C60A1593855980D5DE9D /* Pods-Imagur.debug.xcconfig */ = {isa = PBXFileReference; includeInIndex = 1; lastKnownFileType = text.xcconfig; name = "Pods-Imagur.debug.xcconfig"; path = "Target Support Files/Pods-Imagur/Pods-Imagur.debug.xcconfig"; sourceTree = "<group>"; };
/* End PBXFileReference section */

/* Begin PBXFrameworksBuildPhase section */
		686E1A702904A7F3001D1E3D /* Frameworks */ = {
			isa = PBXFrameworksBuildPhase;
			buildActionMask = 2147483647;
			files = (
				EE8B2C5ED931E87053567CE8 /* Pods_Imagur.framework in Frameworks */,
			);
			runOnlyForDeploymentPostprocessing = 0;
		};
/* End PBXFrameworksBuildPhase section */

/* Begin PBXGroup section */
		6405FAC1D4FB40B104271288 /* Frameworks */ = {
			isa = PBXGroup;
			children = (
				74BA30D9AE06F11E468E4B4E /* Pods_Imagur.framework */,
			);
			name = Frameworks;
			sourceTree = "<group>";
		};
		686E1A6A2904A7F3001D1E3D = {
			isa = PBXGroup;
			children = (
				686E1A752904A7F3001D1E3D /* Imagur */,
				686E1A742904A7F3001D1E3D /* Products */,
				73A70A4150AC8C2FC1A8FFBF /* Pods */,
				6405FAC1D4FB40B104271288 /* Frameworks */,
			);
			sourceTree = "<group>";
		};
		686E1A742904A7F3001D1E3D /* Products */ = {
			isa = PBXGroup;
			children = (
				686E1A732904A7F3001D1E3D /* Imagur.app */,
			);
			name = Products;
			sourceTree = "<group>";
		};
		686E1A752904A7F3001D1E3D /* Imagur */ = {
			isa = PBXGroup;
			children = (
				686E1A762904A7F3001D1E3D /* AppDelegate.swift */,
				686E1A782904A7F4001D1E3D /* SceneDelegate.swift */,
				686E1A7C2904A7F4001D1E3D /* Main.storyboard */,
				686E1A7F2904A7F5001D1E3D /* Assets.xcassets */,
				686E1A812904A7F5001D1E3D /* LaunchScreen.storyboard */,
				686E1A842904A7F5001D1E3D /* Info.plist */,
				68CA71CD2906437E00D9327E /* LoginViewController.swift */,
				6837F67C290BAF800002769A /* CameraViewController.swift */,
				6837F67E290BB0220002769A /* StoryViewController.swift */,
			);
			path = Imagur;
			sourceTree = "<group>";
		};
		73A70A4150AC8C2FC1A8FFBF /* Pods */ = {
			isa = PBXGroup;
			children = (
				E9B1C60A1593855980D5DE9D /* Pods-Imagur.debug.xcconfig */,
				1DC96BEBCEC69D542BED3A3A /* Pods-Imagur.release.xcconfig */,
			);
			path = Pods;
			sourceTree = "<group>";
		};
/* End PBXGroup section */

/* Begin PBXNativeTarget section */
		686E1A722904A7F3001D1E3D /* Imagur */ = {
			isa = PBXNativeTarget;
			buildConfigurationList = 686E1A872904A7F5001D1E3D /* Build configuration list for PBXNativeTarget "Imagur" */;
			buildPhases = (
				922190F53A84B604F6AF977C /* [CP] Check Pods Manifest.lock */,
				686E1A6F2904A7F3001D1E3D /* Sources */,
				686E1A702904A7F3001D1E3D /* Frameworks */,
				686E1A712904A7F3001D1E3D /* Resources */,
				5A4AC941AE9A207BFD9825C1 /* [CP] Embed Pods Frameworks */,
			);
			buildRules = (
			);
			dependencies = (
			);
			name = Imagur;
			productName = Imagur;
			productReference = 686E1A732904A7F3001D1E3D /* Imagur.app */;
			productType = "com.apple.product-type.application";
		};
/* End PBXNativeTarget section */

/* Begin PBXProject section */
		686E1A6B2904A7F3001D1E3D /* Project object */ = {
			isa = PBXProject;
			attributes = {
				BuildIndependentTargetsInParallel = 1;
				LastSwiftUpdateCheck = 1400;
				LastUpgradeCheck = 1400;
				TargetAttributes = {
					686E1A722904A7F3001D1E3D = {
						CreatedOnToolsVersion = 14.0.1;
					};
				};
			};
			buildConfigurationList = 686E1A6E2904A7F3001D1E3D /* Build configuration list for PBXProject "Imagur" */;
			compatibilityVersion = "Xcode 14.0";
			developmentRegion = en;
			hasScannedForEncodings = 0;
			knownRegions = (
				en,
				Base,
			);
			mainGroup = 686E1A6A2904A7F3001D1E3D;
			productRefGroup = 686E1A742904A7F3001D1E3D /* Products */;
			projectDirPath = "";
			projectRoot = "";
			targets = (
				686E1A722904A7F3001D1E3D /* Imagur */,
			);
		};
/* End PBXProject section */

/* Begin PBXResourcesBuildPhase section */
		686E1A712904A7F3001D1E3D /* Resources */ = {
			isa = PBXResourcesBuildPhase;
			buildActionMask = 2147483647;
			files = (
				686E1A832904A7F5001D1E3D /* LaunchScreen.storyboard in Resources */,
				686E1A802904A7F5001D1E3D /* Assets.xcassets in Resources */,
				686E1A7E2904A7F4001D1E3D /* Main.storyboard in Resources */,
			);
			runOnlyForDeploymentPostprocessing = 0;
		};
/* End PBXResourcesBuildPhase section */

/* Begin PBXShellScriptBuildPhase section */
		5A4AC941AE9A207BFD9825C1 /* [CP] Embed Pods Frameworks */ = {
			isa = PBXShellScriptBuildPhase;
			buildActionMask = 2147483647;
			files = (
			);
			inputFileListPaths = (
				"${PODS_ROOT}/Target Support Files/Pods-Imagur/Pods-Imagur-frameworks-${CONFIGURATION}-input-files.xcfilelist",
			);
			name = "[CP] Embed Pods Frameworks";
			outputFileListPaths = (
				"${PODS_ROOT}/Target Support Files/Pods-Imagur/Pods-Imagur-frameworks-${CONFIGURATION}-output-files.xcfilelist",
			);
			runOnlyForDeploymentPostprocessing = 0;
			shellPath = /bin/sh;
			shellScript = "\"${PODS_ROOT}/Target Support Files/Pods-Imagur/Pods-Imagur-frameworks.sh\"\n";
			showEnvVarsInLog = 0;
		};
		922190F53A84B604F6AF977C /* [CP] Check Pods Manifest.lock */ = {
			isa = PBXShellScriptBuildPhase;
			buildActionMask = 2147483647;
			files = (
			);
			inputFileListPaths = (
			);
			inputPaths = (
				"${PODS_PODFILE_DIR_PATH}/Podfile.lock",
				"${PODS_ROOT}/Manifest.lock",
			);
			name = "[CP] Check Pods Manifest.lock";
			outputFileListPaths = (
			);
			outputPaths = (
				"$(DERIVED_FILE_DIR)/Pods-Imagur-checkManifestLockResult.txt",
			);
			runOnlyForDeploymentPostprocessing = 0;
			shellPath = /bin/sh;
			shellScript = "diff \"${PODS_PODFILE_DIR_PATH}/Podfile.lock\" \"${PODS_ROOT}/Manifest.lock\" > /dev/null\nif [ $? != 0 ] ; then\n    # print error to STDERR\n    echo \"error: The sandbox is not in sync with the Podfile.lock. Run 'pod install' or update your CocoaPods installation.\" >&2\n    exit 1\nfi\n# This output is used by Xcode 'outputs' to avoid re-running this script phase.\necho \"SUCCESS\" > \"${SCRIPT_OUTPUT_FILE_0}\"\n";
			showEnvVarsInLog = 0;
		};
/* End PBXShellScriptBuildPhase section */

/* Begin PBXSourcesBuildPhase section */
		686E1A6F2904A7F3001D1E3D /* Sources */ = {
			isa = PBXSourcesBuildPhase;
			buildActionMask = 2147483647;
			files = (
				6837F67F290BB0220002769A /* StoryViewController.swift in Sources */,
				68CA71CE2906437E00D9327E /* LoginViewController.swift in Sources */,
				6837F67D290BAF800002769A /* CameraViewController.swift in Sources */,
				686E1A772904A7F3001D1E3D /* AppDelegate.swift in Sources */,
				686E1A792904A7F4001D1E3D /* SceneDelegate.swift in Sources */,
			);
			runOnlyForDeploymentPostprocessing = 0;
		};
/* End PBXSourcesBuildPhase section */

/* Begin PBXVariantGroup section */
		686E1A7C2904A7F4001D1E3D /* Main.storyboard */ = {
			isa = PBXVariantGroup;
			children = (
				686E1A7D2904A7F4001D1E3D /* Base */,
			);
			name = Main.storyboard;
			sourceTree = "<group>";
		};
		686E1A812904A7F5001D1E3D /* LaunchScreen.storyboard */ = {
			isa = PBXVariantGroup;
			children = (
				686E1A822904A7F5001D1E3D /* Base */,
			);
			name = LaunchScreen.storyboard;
			sourceTree = "<group>";
		};
/* End PBXVariantGroup section */

/* Begin XCBuildConfiguration section */
		686E1A852904A7F5001D1E3D /* Debug */ = {
			isa = XCBuildConfiguration;
			buildSettings = {
				ALWAYS_SEARCH_USER_PATHS = NO;
				CLANG_ANALYZER_NONNULL = YES;
				CLANG_ANALYZER_NUMBER_OBJECT_CONVERSION = YES_AGGRESSIVE;
				CLANG_CXX_LANGUAGE_STANDARD = "gnu++20";
				CLANG_ENABLE_MODULES = YES;
				CLANG_ENABLE_OBJC_ARC = YES;
				CLANG_ENABLE_OBJC_WEAK = YES;
				CLANG_WARN_BLOCK_CAPTURE_AUTORELEASING = YES;
				CLANG_WARN_BOOL_CONVERSION = YES;
				CLANG_WARN_COMMA = YES;
				CLANG_WARN_CONSTANT_CONVERSION = YES;
				CLANG_WARN_DEPRECATED_OBJC_IMPLEMENTATIONS = YES;
				CLANG_WARN_DIRECT_OBJC_ISA_USAGE = YES_ERROR;
				CLANG_WARN_DOCUMENTATION_COMMENTS = YES;
				CLANG_WARN_EMPTY_BODY = YES;
				CLANG_WARN_ENUM_CONVERSION = YES;
				CLANG_WARN_INFINITE_RECURSION = YES;
				CLANG_WARN_INT_CONVERSION = YES;
				CLANG_WARN_NON_LITERAL_NULL_CONVERSION = YES;
				CLANG_WARN_OBJC_IMPLICIT_RETAIN_SELF = YES;
				CLANG_WARN_OBJC_LITERAL_CONVERSION = YES;
				CLANG_WARN_OBJC_ROOT_CLASS = YES_ERROR;
				CLANG_WARN_QUOTED_INCLUDE_IN_FRAMEWORK_HEADER = YES;
				CLANG_WARN_RANGE_LOOP_ANALYSIS = YES;
				CLANG_WARN_STRICT_PROTOTYPES = YES;
				CLANG_WARN_SUSPICIOUS_MOVE = YES;
				CLANG_WARN_UNGUARDED_AVAILABILITY = YES_AGGRESSIVE;
				CLANG_WARN_UNREACHABLE_CODE = YES;
				CLANG_WARN__DUPLICATE_METHOD_MATCH = YES;
				COPY_PHASE_STRIP = NO;
				DEBUG_INFORMATION_FORMAT = dwarf;
				ENABLE_STRICT_OBJC_MSGSEND = YES;
				ENABLE_TESTABILITY = YES;
				GCC_C_LANGUAGE_STANDARD = gnu11;
				GCC_DYNAMIC_NO_PIC = NO;
				GCC_NO_COMMON_BLOCKS = YES;
				GCC_OPTIMIZATION_LEVEL = 0;
				GCC_PREPROCESSOR_DEFINITIONS = (
					"DEBUG=1",
					"$(inherited)",
				);
				GCC_WARN_64_TO_32_BIT_CONVERSION = YES;
				GCC_WARN_ABOUT_RETURN_TYPE = YES_ERROR;
				GCC_WARN_UNDECLARED_SELECTOR = YES;
				GCC_WARN_UNINITIALIZED_AUTOS = YES_AGGRESSIVE;
				GCC_WARN_UNUSED_FUNCTION = YES;
				GCC_WARN_UNUSED_VARIABLE = YES;
				IPHONEOS_DEPLOYMENT_TARGET = 16.0;
				MTL_ENABLE_DEBUG_INFO = INCLUDE_SOURCE;
				MTL_FAST_MATH = YES;
				ONLY_ACTIVE_ARCH = YES;
				SDKROOT = iphoneos;
				SWIFT_ACTIVE_COMPILATION_CONDITIONS = DEBUG;
				SWIFT_OPTIMIZATION_LEVEL = "-Onone";
			};
			name = Debug;
		};
		686E1A862904A7F5001D1E3D /* Release */ = {
			isa = XCBuildConfiguration;
			buildSettings = {
				ALWAYS_SEARCH_USER_PATHS = NO;
				CLANG_ANALYZER_NONNULL = YES;
				CLANG_ANALYZER_NUMBER_OBJECT_CONVERSION = YES_AGGRESSIVE;
				CLANG_CXX_LANGUAGE_STANDARD = "gnu++20";
				CLANG_ENABLE_MODULES = YES;
				CLANG_ENABLE_OBJC_ARC = YES;
				CLANG_ENABLE_OBJC_WEAK = YES;
				CLANG_WARN_BLOCK_CAPTURE_AUTORELEASING = YES;
				CLANG_WARN_BOOL_CONVERSION = YES;
				CLANG_WARN_COMMA = YES;
				CLANG_WARN_CONSTANT_CONVERSION = YES;
				CLANG_WARN_DEPRECATED_OBJC_IMPLEMENTATIONS = YES;
				CLANG_WARN_DIRECT_OBJC_ISA_USAGE = YES_ERROR;
				CLANG_WARN_DOCUMENTATION_COMMENTS = YES;
				CLANG_WARN_EMPTY_BODY = YES;
				CLANG_WARN_ENUM_CONVERSION = YES;
				CLANG_WARN_INFINITE_RECURSION = YES;
				CLANG_WARN_INT_CONVERSION = YES;
				CLANG_WARN_NON_LITERAL_NULL_CONVERSION = YES;
				CLANG_WARN_OBJC_IMPLICIT_RETAIN_SELF = YES;
				CLANG_WARN_OBJC_LITERAL_CONVERSION = YES;
				CLANG_WARN_OBJC_ROOT_CLASS = YES_ERROR;
				CLANG_WARN_QUOTED_INCLUDE_IN_FRAMEWORK_HEADER = YES;
				CLANG_WARN_RANGE_LOOP_ANALYSIS = YES;
				CLANG_WARN_STRICT_PROTOTYPES = YES;
				CLANG_WARN_SUSPICIOUS_MOVE = YES;
				CLANG_WARN_UNGUARDED_AVAILABILITY = YES_AGGRESSIVE;
				CLANG_WARN_UNREACHABLE_CODE = YES;
				CLANG_WARN__DUPLICATE_METHOD_MATCH = YES;
				COPY_PHASE_STRIP = NO;
				DEBUG_INFORMATION_FORMAT = "dwarf-with-dsym";
				ENABLE_NS_ASSERTIONS = NO;
				ENABLE_STRICT_OBJC_MSGSEND = YES;
				GCC_C_LANGUAGE_STANDARD = gnu11;
				GCC_NO_COMMON_BLOCKS = YES;
				GCC_WARN_64_TO_32_BIT_CONVERSION = YES;
				GCC_WARN_ABOUT_RETURN_TYPE = YES_ERROR;
				GCC_WARN_UNDECLARED_SELECTOR = YES;
				GCC_WARN_UNINITIALIZED_AUTOS = YES_AGGRESSIVE;
				GCC_WARN_UNUSED_FUNCTION = YES;
				GCC_WARN_UNUSED_VARIABLE = YES;
				IPHONEOS_DEPLOYMENT_TARGET = 16.0;
				MTL_ENABLE_DEBUG_INFO = NO;
				MTL_FAST_MATH = YES;
				SDKROOT = iphoneos;
				SWIFT_COMPILATION_MODE = wholemodule;
				SWIFT_OPTIMIZATION_LEVEL = "-O";
				VALIDATE_PRODUCT = YES;
			};
			name = Release;
		};
		686E1A882904A7F5001D1E3D /* Debug */ = {
			isa = XCBuildConfiguration;
			baseConfigurationReference = E9B1C60A1593855980D5DE9D /* Pods-Imagur.debug.xcconfig */;
			buildSettings = {
				ASSETCATALOG_COMPILER_APPICON_NAME = AppIcon;
				ASSETCATALOG_COMPILER_GLOBAL_ACCENT_COLOR_NAME = AccentColor;
				CODE_SIGN_STYLE = Automatic;
				CURRENT_PROJECT_VERSION = 1;
				DEVELOPMENT_TEAM = R4F4KF674R;
				GENERATE_INFOPLIST_FILE = YES;
				INFOPLIST_FILE = Imagur/Info.plist;
				INFOPLIST_KEY_UIApplicationSupportsIndirectInputEvents = YES;
				INFOPLIST_KEY_UILaunchStoryboardName = LaunchScreen;
				INFOPLIST_KEY_UIMainStoryboardFile = Main;
				INFOPLIST_KEY_UISupportedInterfaceOrientations_iPad = "UIInterfaceOrientationPortrait UIInterfaceOrientationPortraitUpsideDown UIInterfaceOrientationLandscapeLeft UIInterfaceOrientationLandscapeRight";
				INFOPLIST_KEY_UISupportedInterfaceOrientations_iPhone = "UIInterfaceOrientationPortrait UIInterfaceOrientationLandscapeLeft UIInterfaceOrientationLandscapeRight";
				LD_RUNPATH_SEARCH_PATHS = (
					"$(inherited)",
					"@executable_path/Frameworks",
				);
				MARKETING_VERSION = 1.0;
				PRODUCT_BUNDLE_IDENTIFIER = asarelcastellanos.Imagur;
				PRODUCT_NAME = "$(TARGET_NAME)";
				SWIFT_EMIT_LOC_STRINGS = YES;
				SWIFT_VERSION = 5.0;
				TARGETED_DEVICE_FAMILY = "1,2";
			};
			name = Debug;
		};
		686E1A892904A7F5001D1E3D /* Release */ = {
			isa = XCBuildConfiguration;
			baseConfigurationReference = 1DC96BEBCEC69D542BED3A3A /* Pods-Imagur.release.xcconfig */;
			buildSettings = {
				ASSETCATALOG_COMPILER_APPICON_NAME = AppIcon;
				ASSETCATALOG_COMPILER_GLOBAL_ACCENT_COLOR_NAME = AccentColor;
				CODE_SIGN_STYLE = Automatic;
				CURRENT_PROJECT_VERSION = 1;
				DEVELOPMENT_TEAM = R4F4KF674R;
				GENERATE_INFOPLIST_FILE = YES;
				INFOPLIST_FILE = Imagur/Info.plist;
				INFOPLIST_KEY_UIApplicationSupportsIndirectInputEvents = YES;
				INFOPLIST_KEY_UILaunchStoryboardName = LaunchScreen;
				INFOPLIST_KEY_UIMainStoryboardFile = Main;
				INFOPLIST_KEY_UISupportedInterfaceOrientations_iPad = "UIInterfaceOrientationPortrait UIInterfaceOrientationPortraitUpsideDown UIInterfaceOrientationLandscapeLeft UIInterfaceOrientationLandscapeRight";
				INFOPLIST_KEY_UISupportedInterfaceOrientations_iPhone = "UIInterfaceOrientationPortrait UIInterfaceOrientationLandscapeLeft UIInterfaceOrientationLandscapeRight";
				LD_RUNPATH_SEARCH_PATHS = (
					"$(inherited)",
					"@executable_path/Frameworks",
				);
				MARKETING_VERSION = 1.0;
				PRODUCT_BUNDLE_IDENTIFIER = asarelcastellanos.Imagur;
				PRODUCT_NAME = "$(TARGET_NAME)";
				SWIFT_EMIT_LOC_STRINGS = YES;
				SWIFT_VERSION = 5.0;
				TARGETED_DEVICE_FAMILY = "1,2";
			};
			name = Release;
		};
/* End XCBuildConfiguration section */

/* Begin XCConfigurationList section */
		686E1A6E2904A7F3001D1E3D /* Build configuration list for PBXProject "Imagur" */ = {
			isa = XCConfigurationList;
			buildConfigurations = (
				686E1A852904A7F5001D1E3D /* Debug */,
				686E1A862904A7F5001D1E3D /* Release */,
			);
			defaultConfigurationIsVisible = 0;
			defaultConfigurationName = Release;
		};
		686E1A872904A7F5001D1E3D /* Build configuration list for PBXNativeTarget "Imagur" */ = {
			isa = XCConfigurationList;
			buildConfigurations = (
				686E1A882904A7F5001D1E3D /* Debug */,
				686E1A892904A7F5001D1E3D /* Release */,
			);
			defaultConfigurationIsVisible = 0;
			defaultConfigurationName = Release;
		};
/* End XCConfigurationList section */
	};
	rootObject = 686E1A6B2904A7F3001D1E3D /* Project object */;
}
